// !$*UTF8*$!
{
	archiveVersion = 1;
	classes = {
	};
	objectVersion = 45;
	objects = {

/* Begin PBXBuildFile section */
		1DDD58160DA1D0A300B32029 /* MainMenu.xib in Resources */ = {isa = PBXBuildFile; fileRef = 1DDD58140DA1D0A300B32029 /* MainMenu.xib */; };
		256AC3DA0F4B6AC300CF3369 /* DelveAppDelegate.m in Sources */ = {isa = PBXBuildFile; fileRef = 256AC3D90F4B6AC300CF3369 /* DelveAppDelegate.m */; };
		283E36F315928B210058FEB6 /* GreenDot.png in Resources */ = {isa = PBXBuildFile; fileRef = 283E36F115928B210058FEB6 /* GreenDot.png */; };
		283E36F415928B210058FEB6 /* RedDot.png in Resources */ = {isa = PBXBuildFile; fileRef = 283E36F215928B210058FEB6 /* RedDot.png */; };
		283E36F615928BB80058FEB6 /* YellowDot.png in Resources */ = {isa = PBXBuildFile; fileRef = 283E36F515928BB80058FEB6 /* YellowDot.png */; };
		28C207F0158D290A00BCDBBD /* ASIDataCompressor.m in Sources */ = {isa = PBXBuildFile; fileRef = 28C207E0158D290A00BCDBBD /* ASIDataCompressor.m */; };
		28C207F1158D290A00BCDBBD /* ASIDataDecompressor.m in Sources */ = {isa = PBXBuildFile; fileRef = 28C207E2158D290A00BCDBBD /* ASIDataDecompressor.m */; };
		28C207F2158D290A00BCDBBD /* ASIDownloadCache.m in Sources */ = {isa = PBXBuildFile; fileRef = 28C207E4158D290A00BCDBBD /* ASIDownloadCache.m */; };
		28C207F3158D290A00BCDBBD /* ASIFormDataRequest.m in Sources */ = {isa = PBXBuildFile; fileRef = 28C207E6158D290A00BCDBBD /* ASIFormDataRequest.m */; };
		28C207F4158D290A00BCDBBD /* ASIHTTPRequest.m in Sources */ = {isa = PBXBuildFile; fileRef = 28C207E8158D290A00BCDBBD /* ASIHTTPRequest.m */; };
		28C207F5158D290A00BCDBBD /* ASIInputStream.m in Sources */ = {isa = PBXBuildFile; fileRef = 28C207EC158D290A00BCDBBD /* ASIInputStream.m */; };
		28C207F6158D290A00BCDBBD /* ASINetworkQueue.m in Sources */ = {isa = PBXBuildFile; fileRef = 28C207EE158D290A00BCDBBD /* ASINetworkQueue.m */; };
		28C20823158D29D600BCDBBD /* SystemConfiguration.framework in Frameworks */ = {isa = PBXBuildFile; fileRef = 28C20822158D29D600BCDBBD /* SystemConfiguration.framework */; };
		28C20829158D559100BCDBBD /* libz.dylib in Frameworks */ = {isa = PBXBuildFile; fileRef = 28C20828158D559100BCDBBD /* libz.dylib */; };
		28C6AC001452E238009225D1 /* nmap in Resources */ = {isa = PBXBuildFile; fileRef = 28C6ABFF1452E238009225D1 /* nmap */; };
		28C92C051455DE4E00E41151 /* tunnel-icon.icns in Resources */ = {isa = PBXBuildFile; fileRef = 28C92C041455DE4E00E41151 /* tunnel-icon.icns */; };
		28F484DC1594B48800EAC31B /* DelveConstants.m in Sources */ = {isa = PBXBuildFile; fileRef = 28F484DB1594B48800EAC31B /* DelveConstants.m */; };
		8D11072D0486CEB800E47090 /* main.m in Sources */ = {isa = PBXBuildFile; fileRef = 29B97316FDCFA39411CA2CEA /* main.m */; settings = {ATTRIBUTES = (); }; };
		8D11072F0486CEB800E47090 /* Cocoa.framework in Frameworks */ = {isa = PBXBuildFile; fileRef = 1058C7A1FEA54F0111CA2CBB /* Cocoa.framework */; };
/* End PBXBuildFile section */

/* Begin PBXFileReference section */
		1058C7A1FEA54F0111CA2CBB /* Cocoa.framework */ = {isa = PBXFileReference; lastKnownFileType = wrapper.framework; name = Cocoa.framework; path = /System/Library/Frameworks/Cocoa.framework; sourceTree = "<absolute>"; };
		1DDD58150DA1D0A300B32029 /* English */ = {isa = PBXFileReference; lastKnownFileType = file.xib; name = English; path = English.lproj/MainMenu.xib; sourceTree = "<group>"; };
		256AC3D80F4B6AC300CF3369 /* DelveAppDelegate.h */ = {isa = PBXFileReference; fileEncoding = 4; lastKnownFileType = sourcecode.c.h; path = DelveAppDelegate.h; sourceTree = "<group>"; };
		256AC3D90F4B6AC300CF3369 /* DelveAppDelegate.m */ = {isa = PBXFileReference; fileEncoding = 4; lastKnownFileType = sourcecode.c.objc; path = DelveAppDelegate.m; sourceTree = "<group>"; wrapsLines = 0; };
		256AC3F00F4B6AF500CF3369 /* Delve_Prefix.pch */ = {isa = PBXFileReference; fileEncoding = 4; lastKnownFileType = sourcecode.c.h; path = Delve_Prefix.pch; sourceTree = "<group>"; };
		283E36F115928B210058FEB6 /* GreenDot.png */ = {isa = PBXFileReference; lastKnownFileType = image.png; path = GreenDot.png; sourceTree = "<group>"; };
		283E36F215928B210058FEB6 /* RedDot.png */ = {isa = PBXFileReference; lastKnownFileType = image.png; path = RedDot.png; sourceTree = "<group>"; };
		283E36F515928BB80058FEB6 /* YellowDot.png */ = {isa = PBXFileReference; lastKnownFileType = image.png; path = YellowDot.png; sourceTree = "<group>"; };
		28C207DE158D290A00BCDBBD /* ASICacheDelegate.h */ = {isa = PBXFileReference; fileEncoding = 4; lastKnownFileType = sourcecode.c.h; name = ASICacheDelegate.h; path = "asi-http-request/Classes/ASICacheDelegate.h"; sourceTree = "<group>"; };
		28C207DF158D290A00BCDBBD /* ASIDataCompressor.h */ = {isa = PBXFileReference; fileEncoding = 4; lastKnownFileType = sourcecode.c.h; name = ASIDataCompressor.h; path = "asi-http-request/Classes/ASIDataCompressor.h"; sourceTree = "<group>"; };
		28C207E0158D290A00BCDBBD /* ASIDataCompressor.m */ = {isa = PBXFileReference; fileEncoding = 4; lastKnownFileType = sourcecode.c.objc; name = ASIDataCompressor.m; path = "asi-http-request/Classes/ASIDataCompressor.m"; sourceTree = "<group>"; };
		28C207E1158D290A00BCDBBD /* ASIDataDecompressor.h */ = {isa = PBXFileReference; fileEncoding = 4; lastKnownFileType = sourcecode.c.h; name = ASIDataDecompressor.h; path = "asi-http-request/Classes/ASIDataDecompressor.h"; sourceTree = "<group>"; };
		28C207E2158D290A00BCDBBD /* ASIDataDecompressor.m */ = {isa = PBXFileReference; fileEncoding = 4; lastKnownFileType = sourcecode.c.objc; name = ASIDataDecompressor.m; path = "asi-http-request/Classes/ASIDataDecompressor.m"; sourceTree = "<group>"; };
		28C207E3158D290A00BCDBBD /* ASIDownloadCache.h */ = {isa = PBXFileReference; fileEncoding = 4; lastKnownFileType = sourcecode.c.h; name = ASIDownloadCache.h; path = "asi-http-request/Classes/ASIDownloadCache.h"; sourceTree = "<group>"; };
		28C207E4158D290A00BCDBBD /* ASIDownloadCache.m */ = {isa = PBXFileReference; fileEncoding = 4; lastKnownFileType = sourcecode.c.objc; name = ASIDownloadCache.m; path = "asi-http-request/Classes/ASIDownloadCache.m"; sourceTree = "<group>"; };
		28C207E5158D290A00BCDBBD /* ASIFormDataRequest.h */ = {isa = PBXFileReference; fileEncoding = 4; lastKnownFileType = sourcecode.c.h; name = ASIFormDataRequest.h; path = "asi-http-request/Classes/ASIFormDataRequest.h"; sourceTree = "<group>"; };
		28C207E6158D290A00BCDBBD /* ASIFormDataRequest.m */ = {isa = PBXFileReference; fileEncoding = 4; lastKnownFileType = sourcecode.c.objc; name = ASIFormDataRequest.m; path = "asi-http-request/Classes/ASIFormDataRequest.m"; sourceTree = "<group>"; };
		28C207E7158D290A00BCDBBD /* ASIHTTPRequest.h */ = {isa = PBXFileReference; fileEncoding = 4; lastKnownFileType = sourcecode.c.h; name = ASIHTTPRequest.h; path = "asi-http-request/Classes/ASIHTTPRequest.h"; sourceTree = "<group>"; };
		28C207E8158D290A00BCDBBD /* ASIHTTPRequest.m */ = {isa = PBXFileReference; fileEncoding = 4; lastKnownFileType = sourcecode.c.objc; name = ASIHTTPRequest.m; path = "asi-http-request/Classes/ASIHTTPRequest.m"; sourceTree = "<group>"; };
		28C207E9158D290A00BCDBBD /* ASIHTTPRequestConfig.h */ = {isa = PBXFileReference; fileEncoding = 4; lastKnownFileType = sourcecode.c.h; name = ASIHTTPRequestConfig.h; path = "asi-http-request/Classes/ASIHTTPRequestConfig.h"; sourceTree = "<group>"; };
		28C207EA158D290A00BCDBBD /* ASIHTTPRequestDelegate.h */ = {isa = PBXFileReference; fileEncoding = 4; lastKnownFileType = sourcecode.c.h; name = ASIHTTPRequestDelegate.h; path = "asi-http-request/Classes/ASIHTTPRequestDelegate.h"; sourceTree = "<group>"; };
		28C207EB158D290A00BCDBBD /* ASIInputStream.h */ = {isa = PBXFileReference; fileEncoding = 4; lastKnownFileType = sourcecode.c.h; name = ASIInputStream.h; path = "asi-http-request/Classes/ASIInputStream.h"; sourceTree = "<group>"; };
		28C207EC158D290A00BCDBBD /* ASIInputStream.m */ = {isa = PBXFileReference; fileEncoding = 4; lastKnownFileType = sourcecode.c.objc; name = ASIInputStream.m; path = "asi-http-request/Classes/ASIInputStream.m"; sourceTree = "<group>"; };
		28C207ED158D290A00BCDBBD /* ASINetworkQueue.h */ = {isa = PBXFileReference; fileEncoding = 4; lastKnownFileType = sourcecode.c.h; name = ASINetworkQueue.h; path = "asi-http-request/Classes/ASINetworkQueue.h"; sourceTree = "<group>"; };
		28C207EE158D290A00BCDBBD /* ASINetworkQueue.m */ = {isa = PBXFileReference; fileEncoding = 4; lastKnownFileType = sourcecode.c.objc; name = ASINetworkQueue.m; path = "asi-http-request/Classes/ASINetworkQueue.m"; sourceTree = "<group>"; };
		28C207EF158D290A00BCDBBD /* ASIProgressDelegate.h */ = {isa = PBXFileReference; fileEncoding = 4; lastKnownFileType = sourcecode.c.h; name = ASIProgressDelegate.h; path = "asi-http-request/Classes/ASIProgressDelegate.h"; sourceTree = "<group>"; };
		28C20822158D29D600BCDBBD /* SystemConfiguration.framework */ = {isa = PBXFileReference; lastKnownFileType = wrapper.framework; name = SystemConfiguration.framework; path = System/Library/Frameworks/SystemConfiguration.framework; sourceTree = SDKROOT; };
		28C20828158D559100BCDBBD /* libz.dylib */ = {isa = PBXFileReference; lastKnownFileType = "compiled.mach-o.dylib"; name = libz.dylib; path = usr/lib/libz.dylib; sourceTree = SDKROOT; };
		28C6ABFF1452E238009225D1 /* nmap */ = {isa = PBXFileReference; lastKnownFileType = "compiled.mach-o.executable"; path = nmap; sourceTree = "<group>"; };
		28C92C041455DE4E00E41151 /* tunnel-icon.icns */ = {isa = PBXFileReference; lastKnownFileType = image.icns; path = "tunnel-icon.icns"; sourceTree = "<group>"; };
		28F484DA1594B48800EAC31B /* DelveConstants.h */ = {isa = PBXFileReference; fileEncoding = 4; lastKnownFileType = sourcecode.c.h; path = DelveConstants.h; sourceTree = "<group>"; };
		28F484DB1594B48800EAC31B /* DelveConstants.m */ = {isa = PBXFileReference; fileEncoding = 4; lastKnownFileType = sourcecode.c.objc; path = DelveConstants.m; sourceTree = "<group>"; };
		29B97316FDCFA39411CA2CEA /* main.m */ = {isa = PBXFileReference; fileEncoding = 4; lastKnownFileType = sourcecode.c.objc; path = main.m; sourceTree = "<group>"; };
		29B97324FDCFA39411CA2CEA /* AppKit.framework */ = {isa = PBXFileReference; lastKnownFileType = wrapper.framework; name = AppKit.framework; path = /System/Library/Frameworks/AppKit.framework; sourceTree = "<absolute>"; };
		29B97325FDCFA39411CA2CEA /* Foundation.framework */ = {isa = PBXFileReference; lastKnownFileType = wrapper.framework; name = Foundation.framework; path = /System/Library/Frameworks/Foundation.framework; sourceTree = "<absolute>"; };
		8D1107310486CEB800E47090 /* Delve-Info.plist */ = {isa = PBXFileReference; fileEncoding = 4; lastKnownFileType = text.plist.xml; path = "Delve-Info.plist"; sourceTree = "<group>"; };
		8D1107320486CEB800E47090 /* Delve.app */ = {isa = PBXFileReference; explicitFileType = wrapper.application; includeInIndex = 0; path = Delve.app; sourceTree = BUILT_PRODUCTS_DIR; };
/* End PBXFileReference section */

/* Begin PBXFrameworksBuildPhase section */
		8D11072E0486CEB800E47090 /* Frameworks */ = {
			isa = PBXFrameworksBuildPhase;
			buildActionMask = 2147483647;
			files = (
				8D11072F0486CEB800E47090 /* Cocoa.framework in Frameworks */,
				28C20823158D29D600BCDBBD /* SystemConfiguration.framework in Frameworks */,
				28C20829158D559100BCDBBD /* libz.dylib in Frameworks */,
			);
			runOnlyForDeploymentPostprocessing = 0;
		};
/* End PBXFrameworksBuildPhase section */

/* Begin PBXGroup section */
		080E96DDFE201D6D7F000001 /* Classes */ = {
			isa = PBXGroup;
			children = (
				256AC3D80F4B6AC300CF3369 /* DelveAppDelegate.h */,
				256AC3D90F4B6AC300CF3369 /* DelveAppDelegate.m */,
			);
			name = Classes;
			sourceTree = "<group>";
		};
		1058C7A0FEA54F0111CA2CBB /* Linked Frameworks */ = {
			isa = PBXGroup;
			children = (
				1058C7A1FEA54F0111CA2CBB /* Cocoa.framework */,
				28C20822158D29D600BCDBBD /* SystemConfiguration.framework */,
				28C20828158D559100BCDBBD /* libz.dylib */,
			);
			name = "Linked Frameworks";
			sourceTree = "<group>";
		};
		1058C7A2FEA54F0111CA2CBB /* Other Frameworks */ = {
			isa = PBXGroup;
			children = (
				29B97324FDCFA39411CA2CEA /* AppKit.framework */,
				29B97325FDCFA39411CA2CEA /* Foundation.framework */,
			);
			name = "Other Frameworks";
			sourceTree = "<group>";
		};
		19C28FACFE9D520D11CA2CBB /* Products */ = {
			isa = PBXGroup;
			children = (
				8D1107320486CEB800E47090 /* Delve.app */,
			);
			name = Products;
			sourceTree = "<group>";
		};
		28C207DD158D28BF00BCDBBD /* ASIHTTPRequest */ = {
			isa = PBXGroup;
			children = (
				28C207DE158D290A00BCDBBD /* ASICacheDelegate.h */,
				28C207DF158D290A00BCDBBD /* ASIDataCompressor.h */,
				28C207E0158D290A00BCDBBD /* ASIDataCompressor.m */,
				28C207E1158D290A00BCDBBD /* ASIDataDecompressor.h */,
				28C207E2158D290A00BCDBBD /* ASIDataDecompressor.m */,
				28C207E3158D290A00BCDBBD /* ASIDownloadCache.h */,
				28C207E4158D290A00BCDBBD /* ASIDownloadCache.m */,
				28C207E5158D290A00BCDBBD /* ASIFormDataRequest.h */,
				28C207E6158D290A00BCDBBD /* ASIFormDataRequest.m */,
				28C207E7158D290A00BCDBBD /* ASIHTTPRequest.h */,
				28C207E8158D290A00BCDBBD /* ASIHTTPRequest.m */,
				28C207E9158D290A00BCDBBD /* ASIHTTPRequestConfig.h */,
				28C207EA158D290A00BCDBBD /* ASIHTTPRequestDelegate.h */,
				28C207EB158D290A00BCDBBD /* ASIInputStream.h */,
				28C207EC158D290A00BCDBBD /* ASIInputStream.m */,
				28C207ED158D290A00BCDBBD /* ASINetworkQueue.h */,
				28C207EE158D290A00BCDBBD /* ASINetworkQueue.m */,
				28C207EF158D290A00BCDBBD /* ASIProgressDelegate.h */,
			);
			name = ASIHTTPRequest;
			sourceTree = "<group>";
		};
		28C6A8D91452B4D4009225D1 /* External Executables */ = {
			isa = PBXGroup;
			children = (
				28C6ABFF1452E238009225D1 /* nmap */,
			);
			name = "External Executables";
			sourceTree = "<group>";
		};
		29B97314FDCFA39411CA2CEA /* Delve */ = {
			isa = PBXGroup;
			children = (
				28C207DD158D28BF00BCDBBD /* ASIHTTPRequest */,
				28C6A8D91452B4D4009225D1 /* External Executables */,
				080E96DDFE201D6D7F000001 /* Classes */,
				29B97315FDCFA39411CA2CEA /* Other Sources */,
				29B97317FDCFA39411CA2CEA /* Resources */,
				29B97323FDCFA39411CA2CEA /* Frameworks */,
				19C28FACFE9D520D11CA2CBB /* Products */,
			);
			name = Delve;
			sourceTree = "<group>";
		};
		29B97315FDCFA39411CA2CEA /* Other Sources */ = {
			isa = PBXGroup;
			children = (
				28F484DA1594B48800EAC31B /* DelveConstants.h */,
				28F484DB1594B48800EAC31B /* DelveConstants.m */,
				256AC3F00F4B6AF500CF3369 /* Delve_Prefix.pch */,
				29B97316FDCFA39411CA2CEA /* main.m */,
			);
			name = "Other Sources";
			sourceTree = "<group>";
		};
		29B97317FDCFA39411CA2CEA /* Resources */ = {
			isa = PBXGroup;
			children = (
				283E36F515928BB80058FEB6 /* YellowDot.png */,
				283E36F115928B210058FEB6 /* GreenDot.png */,
				283E36F215928B210058FEB6 /* RedDot.png */,
				28C92C041455DE4E00E41151 /* tunnel-icon.icns */,
				8D1107310486CEB800E47090 /* Delve-Info.plist */,
				1DDD58140DA1D0A300B32029 /* MainMenu.xib */,
			);
			name = Resources;
			sourceTree = "<group>";
		};
		29B97323FDCFA39411CA2CEA /* Frameworks */ = {
			isa = PBXGroup;
			children = (
				1058C7A0FEA54F0111CA2CBB /* Linked Frameworks */,
				1058C7A2FEA54F0111CA2CBB /* Other Frameworks */,
			);
			name = Frameworks;
			sourceTree = "<group>";
		};
/* End PBXGroup section */

/* Begin PBXNativeTarget section */
		8D1107260486CEB800E47090 /* Delve */ = {
			isa = PBXNativeTarget;
			buildConfigurationList = C01FCF4A08A954540054247B /* Build configuration list for PBXNativeTarget "Delve" */;
			buildPhases = (
				8D1107290486CEB800E47090 /* Resources */,
				8D11072C0486CEB800E47090 /* Sources */,
				8D11072E0486CEB800E47090 /* Frameworks */,
			);
			buildRules = (
			);
			dependencies = (
			);
			name = Delve;
			productInstallPath = "$(HOME)/Applications";
			productName = Delve;
			productReference = 8D1107320486CEB800E47090 /* Delve.app */;
			productType = "com.apple.product-type.application";
		};
/* End PBXNativeTarget section */

/* Begin PBXProject section */
		29B97313FDCFA39411CA2CEA /* Project object */ = {
			isa = PBXProject;
			buildConfigurationList = C01FCF4E08A954540054247B /* Build configuration list for PBXProject "Delve" */;
			compatibilityVersion = "Xcode 3.1";
			developmentRegion = English;
			hasScannedForEncodings = 1;
			knownRegions = (
				English,
				Japanese,
				French,
				German,
			);
			mainGroup = 29B97314FDCFA39411CA2CEA /* Delve */;
			projectDirPath = "";
			projectRoot = "";
			targets = (
				8D1107260486CEB800E47090 /* Delve */,
			);
		};
/* End PBXProject section */

/* Begin PBXResourcesBuildPhase section */
		8D1107290486CEB800E47090 /* Resources */ = {
			isa = PBXResourcesBuildPhase;
			buildActionMask = 2147483647;
			files = (
				1DDD58160DA1D0A300B32029 /* MainMenu.xib in Resources */,
				28C6AC001452E238009225D1 /* nmap in Resources */,
				28C92C051455DE4E00E41151 /* tunnel-icon.icns in Resources */,
				283E36F315928B210058FEB6 /* GreenDot.png in Resources */,
				283E36F415928B210058FEB6 /* RedDot.png in Resources */,
				283E36F615928BB80058FEB6 /* YellowDot.png in Resources */,
			);
			runOnlyForDeploymentPostprocessing = 0;
		};
/* End PBXResourcesBuildPhase section */

/* Begin PBXSourcesBuildPhase section */
		8D11072C0486CEB800E47090 /* Sources */ = {
			isa = PBXSourcesBuildPhase;
			buildActionMask = 2147483647;
			files = (
				8D11072D0486CEB800E47090 /* main.m in Sources */,
				256AC3DA0F4B6AC300CF3369 /* DelveAppDelegate.m in Sources */,
				28C207F0158D290A00BCDBBD /* ASIDataCompressor.m in Sources */,
				28C207F1158D290A00BCDBBD /* ASIDataDecompressor.m in Sources */,
				28C207F2158D290A00BCDBBD /* ASIDownloadCache.m in Sources */,
				28C207F3158D290A00BCDBBD /* ASIFormDataRequest.m in Sources */,
				28C207F4158D290A00BCDBBD /* ASIHTTPRequest.m in Sources */,
				28C207F5158D290A00BCDBBD /* ASIInputStream.m in Sources */,
				28C207F6158D290A00BCDBBD /* ASINetworkQueue.m in Sources */,
				28F484DC1594B48800EAC31B /* DelveConstants.m in Sources */,
			);
			runOnlyForDeploymentPostprocessing = 0;
		};
/* End PBXSourcesBuildPhase section */

/* Begin PBXVariantGroup section */
		1DDD58140DA1D0A300B32029 /* MainMenu.xib */ = {
			isa = PBXVariantGroup;
			children = (
				1DDD58150DA1D0A300B32029 /* English */,
			);
			name = MainMenu.xib;
			sourceTree = "<group>";
		};
/* End PBXVariantGroup section */

/* Begin XCBuildConfiguration section */
		C01FCF4B08A954540054247B /* Debug */ = {
			isa = XCBuildConfiguration;
			buildSettings = {
				ALWAYS_SEARCH_USER_PATHS = NO;
				COPY_PHASE_STRIP = NO;
				GCC_DYNAMIC_NO_PIC = NO;
				GCC_ENABLE_FIX_AND_CONTINUE = YES;
				GCC_MODEL_TUNING = G5;
				GCC_OPTIMIZATION_LEVEL = 0;
				GCC_PRECOMPILE_PREFIX_HEADER = YES;
				GCC_PREFIX_HEADER = Delve_Prefix.pch;
				INFOPLIST_FILE = "Delve-Info.plist";
				INSTALL_PATH = "$(HOME)/Applications";
				PRODUCT_NAME = Delve;
			};
			name = Debug;
		};
		C01FCF4C08A954540054247B /* Release */ = {
			isa = XCBuildConfiguration;
			buildSettings = {
				ALWAYS_SEARCH_USER_PATHS = NO;
				DEBUG_INFORMATION_FORMAT = "dwarf-with-dsym";
				GCC_MODEL_TUNING = G5;
				GCC_PRECOMPILE_PREFIX_HEADER = YES;
				GCC_PREFIX_HEADER = Delve_Prefix.pch;
				INFOPLIST_FILE = "Delve-Info.plist";
				INSTALL_PATH = "$(HOME)/Applications";
				PRODUCT_NAME = Delve;
			};
			name = Release;
		};
		C01FCF4F08A954540054247B /* Debug */ = {
			isa = XCBuildConfiguration;
			buildSettings = {
				ARCHS = "$(NATIVE_ARCH_ACTUAL)";
				GCC_C_LANGUAGE_STANDARD = gnu99;
				GCC_OPTIMIZATION_LEVEL = 0;
				GCC_VERSION = "";
				GCC_WARN_ABOUT_RETURN_TYPE = YES;
				GCC_WARN_UNUSED_VARIABLE = YES;
				MACOSX_DEPLOYMENT_TARGET = "";
				ONLY_ACTIVE_ARCH = YES;
				PREBINDING = NO;
				SDKROOT = "";
			};
			name = Debug;
		};
		C01FCF5008A954540054247B /* Release */ = {
			isa = XCBuildConfiguration;
			buildSettings = {
				ARCHS = "$(ARCHS_STANDARD_32_64_BIT)";
				DEPLOYMENT_POSTPROCESSING = YES;
				GCC_C_LANGUAGE_STANDARD = gnu99;
				GCC_VERSION = "";
				GCC_WARN_ABOUT_RETURN_TYPE = YES;
				GCC_WARN_UNUSED_VARIABLE = YES;
				MACOSX_DEPLOYMENT_TARGET = 10.5;
				PREBINDING = NO;
				SDKROOT = macosx10.5;
			};
			name = Release;
		};
/* End XCBuildConfiguration section */

/* Begin XCConfigurationList section */
		C01FCF4A08A954540054247B /* Build configuration list for PBXNativeTarget "Delve" */ = {
			isa = XCConfigurationList;
			buildConfigurations = (
				C01FCF4B08A954540054247B /* Debug */,
				C01FCF4C08A954540054247B /* Release */,
			);
			defaultConfigurationIsVisible = 0;
			defaultConfigurationName = Release;
		};
		C01FCF4E08A954540054247B /* Build configuration list for PBXProject "Delve" */ = {
			isa = XCConfigurationList;
			buildConfigurations = (
				C01FCF4F08A954540054247B /* Debug */,
				C01FCF5008A954540054247B /* Release */,
			);
			defaultConfigurationIsVisible = 0;
			defaultConfigurationName = Release;
		};
/* End XCConfigurationList section */
	};
	rootObject = 29B97313FDCFA39411CA2CEA /* Project object */;
}
